
Microsoft Visual Studio Solution File, Format Version 12.00
# Visual Studio Version 17
VisualStudioVersion = 17.13.35806.99 d17.13
MinimumVisualStudioVersion = 10.0.40219.1
Project("{FAE04EC0-301F-11D3-BF4B-00C04F79EFBC}") = "NoVgkInstaller", "NoVgkInstaller.csproj", "{77496DD6-EFAA-4893-B20A-B56F234F7F2B}"
EndProject
Global
	GlobalSection(SolutionConfigurationPlatforms) = preSolution
		Debug|Any CPU = Debug|Any CPU
		Release|Any CPU = Release|Any CPU
	EndGlobalSection
	GlobalSection(ProjectConfigurationPlatforms) = postSolution
		{77496DD6-EFAA-4893-B20A-B56F234F7F2B}.Debug|Any CPU.ActiveCfg = Debug|Any CPU
		{77496DD6-EFAA-4893-B20A-B56F234F7F2B}.Debug|Any CPU.Build.0 = Debug|Any CPU
		{77496DD6-EFAA-4893-B20A-B56F234F7F2B}.Release|Any CPU.ActiveCfg = Release|Any CPU
		{77496DD6-EFAA-4893-B20A-B56F234F7F2B}.Release|Any CPU.Build.0 = Release|Any CPU
	EndGlobalSection
	GlobalSection(SolutionProperties) = preSolution
		HideSolutionNode = FALSE
	EndGlobalSection
	GlobalSection(ExtensibilityGlobals) = postSolution
		SolutionGuid = {727FA139-6268-4834-94F7-BB281101C913}
	EndGlobalSection
EndGlobal
